dependencies:
- name: kafka
  repository: https://charts.bitnami.com/bitnami
  version: 16.0.0
- name: redis
  repository: https://charts.bitnami.com/bitnami
  version: 16.6.0
- name: mongodb
  repository: https://charts.bitnami.com/bitnami
  version: 11.1.1
digest: sha256:6846e32664e80c17b21eddc073fe3a8627eccae8395c10bb9585e5628c20d33e
generated: "2022-03-24T21:31:01.591453529Z"
