dependencies:
- name: kafka
  repository: https://charts.bitnami.com/bitnami
  version: 17.1.0
- name: redis
  repository: https://charts.bitnami.com/bitnami
  version: 16.9.11
- name: mongodb
  repository: https://charts.bitnami.com/bitnami
  version: 12.1.12
digest: sha256:f837e4ffd0e878dea64fbdb9e8f91e1c16cd17023139a294adc3729264b7916e
generated: "2022-05-26T18:50:43.266065779Z"
